
Microsoft Visual Studio Solution File, Format Version 12.00
# Visual Studio 15
VisualStudioVersion = 15.0.28307.960
MinimumVisualStudioVersion = 10.0.40219.1
Project("{FAE04EC0-301F-11D3-BF4B-00C04F79EFBC}") = "SomeTry2", "SomeTry2\SomeTry2.csproj", "{1DDD8CB9-0DF2-4056-932B-101D92CF5B6E}"
EndProject
Global
	GlobalSection(SolutionConfigurationPlatforms) = preSolution
		Debug|Any CPU = Debug|Any CPU
		Release|Any CPU = Release|Any CPU
	EndGlobalSection
	GlobalSection(ProjectConfigurationPlatforms) = postSolution
		{1DDD8CB9-0DF2-4056-932B-101D92CF5B6E}.Debug|Any CPU.ActiveCfg = Debug|Any CPU
		{1DDD8CB9-0DF2-4056-932B-101D92CF5B6E}.Debug|Any CPU.Build.0 = Debug|Any CPU
		{1DDD8CB9-0DF2-4056-932B-101D92CF5B6E}.Release|Any CPU.ActiveCfg = Release|Any CPU
		{1DDD8CB9-0DF2-4056-932B-101D92CF5B6E}.Release|Any CPU.Build.0 = Release|Any CPU
	EndGlobalSection
	GlobalSection(SolutionProperties) = preSolution
		HideSolutionNode = FALSE
	EndGlobalSection
	GlobalSection(ExtensibilityGlobals) = postSolution
		SolutionGuid = {8F9AE3B0-6C05-4064-8A71-1B5F89752D82}
	EndGlobalSection
EndGlobal
